
Microsoft Visual Studio Solution File, Format Version 12.00
# Visual Studio Version 17
VisualStudioVersion = 17.8.34330.188
MinimumVisualStudioVersion = 10.0.40219.1
Project("{FAE04EC0-301F-11D3-BF4B-00C04F79EFBC}") = "AutomateCICD", "AutomateCICD\AutomateCICD.csproj", "{50AF856D-30B5-4CC6-AEC7-9F8A453F0C22}"
EndProject
Global
	GlobalSection(SolutionConfigurationPlatforms) = preSolution
		Debug|Any CPU = Debug|Any CPU
		Release|Any CPU = Release|Any CPU
	EndGlobalSection
	GlobalSection(ProjectConfigurationPlatforms) = postSolution
		{50AF856D-30B5-4CC6-AEC7-9F8A453F0C22}.Debug|Any CPU.ActiveCfg = Debug|Any CPU
		{50AF856D-30B5-4CC6-AEC7-9F8A453F0C22}.Debug|Any CPU.Build.0 = Debug|Any CPU
		{50AF856D-30B5-4CC6-AEC7-9F8A453F0C22}.Release|Any CPU.ActiveCfg = Release|Any CPU
		{50AF856D-30B5-4CC6-AEC7-9F8A453F0C22}.Release|Any CPU.Build.0 = Release|Any CPU
	EndGlobalSection
	GlobalSection(SolutionProperties) = preSolution
		HideSolutionNode = FALSE
	EndGlobalSection
	GlobalSection(ExtensibilityGlobals) = postSolution
		SolutionGuid = {1BA02281-381C-40ED-914D-B0F781287D62}
	EndGlobalSection
EndGlobal
